
Microsoft Visual Studio Solution File, Format Version 12.00
# Visual Studio Version 17
VisualStudioVersion = 17.12.35527.113
MinimumVisualStudioVersion = 10.0.40219.1
Project("{FAE04EC0-301F-11D3-BF4B-00C04F79EFBC}") = "eğitimdementörlük", "WinFormsApp7\eğitimdementörlük.csproj", "{0D4A66DC-0D19-48D0-B2C2-587611A0EE2D}"
EndProject
Global
	GlobalSection(SolutionConfigurationPlatforms) = preSolution
		Debug|Any CPU = Debug|Any CPU
		Release|Any CPU = Release|Any CPU
	EndGlobalSection
	GlobalSection(ProjectConfigurationPlatforms) = postSolution
		{0D4A66DC-0D19-48D0-B2C2-587611A0EE2D}.Debug|Any CPU.ActiveCfg = Debug|Any CPU
		{0D4A66DC-0D19-48D0-B2C2-587611A0EE2D}.Debug|Any CPU.Build.0 = Debug|Any CPU
		{0D4A66DC-0D19-48D0-B2C2-587611A0EE2D}.Release|Any CPU.ActiveCfg = Release|Any CPU
		{0D4A66DC-0D19-48D0-B2C2-587611A0EE2D}.Release|Any CPU.Build.0 = Release|Any CPU
	EndGlobalSection
	GlobalSection(SolutionProperties) = preSolution
		HideSolutionNode = FALSE
	EndGlobalSection
EndGlobal
